
Microsoft Visual Studio Solution File, Format Version 12.00
# Visual Studio Version 16
VisualStudioVersion = 16.0.30002.166
MinimumVisualStudioVersion = 10.0.40219.1
Project("{8BC9CEB8-8B4A-11D0-8D11-00A0C91BC942}") = "Test", "Test.vcxproj", "{42E0139E-74F4-4DB4-9CE8-718810A40AA8}"
EndProject
Global
	GlobalSection(SolutionConfigurationPlatforms) = preSolution
		Debug|x64 = Debug|x64
		Debug|x86 = Debug|x86
		Release|x64 = Release|x64
		Release|x86 = Release|x86
	EndGlobalSection
	GlobalSection(ProjectConfigurationPlatforms) = postSolution
		{42E0139E-74F4-4DB4-9CE8-718810A40AA8}.Debug|x64.ActiveCfg = Debug|x64
		{42E0139E-74F4-4DB4-9CE8-718810A40AA8}.Debug|x64.Build.0 = Debug|x64
		{42E0139E-74F4-4DB4-9CE8-718810A40AA8}.Debug|x86.ActiveCfg = Debug|Win32
		{42E0139E-74F4-4DB4-9CE8-718810A40AA8}.Debug|x86.Build.0 = Debug|Win32
		{42E0139E-74F4-4DB4-9CE8-718810A40AA8}.Release|x64.ActiveCfg = Release|x64
		{42E0139E-74F4-4DB4-9CE8-718810A40AA8}.Release|x64.Build.0 = Release|x64
		{42E0139E-74F4-4DB4-9CE8-718810A40AA8}.Release|x86.ActiveCfg = Release|Win32
		{42E0139E-74F4-4DB4-9CE8-718810A40AA8}.Release|x86.Build.0 = Release|Win32
	EndGlobalSection
	GlobalSection(SolutionProperties) = preSolution
		HideSolutionNode = FALSE
	EndGlobalSection
	GlobalSection(ExtensibilityGlobals) = postSolution
		SolutionGuid = {EE7A0B45-26D5-4108-9D99-15B1B786CDCC}
	EndGlobalSection
EndGlobal
